{
  "originHash" : "19af120c9ce24a8d4df37f2e2d7ffeaf8604751cce1093c8d5ead0b057cae9cf",
  "pins" : [
    {
      "identity" : "capacitor-swift-pm",
      "kind" : "remoteSourceControl",
      "location" : "https://github.com/ionic-team/capacitor-swift-pm.git",
      "state" : {
        "revision" : "0e862e6ff13852a710c8a484180ca4d6a2cc9761",
        "version" : "8.2.0"
      }
    },
    {
      "identity" : "onesignal-xcframework",
      "kind" : "remoteSourceControl",
      "location" : "https://github.com/OneSignal/OneSignal-XCFramework.git",
      "state" : {
        "revision" : "2353de6735d1b8090f192e6b1a62faabc43753ac",
        "version" : "5.5.0"
      }
    }
  ],
  "version" : 3
}
